
Microsoft Visual Studio Solution File, Format Version 12.00
# Visual Studio Version 16
VisualStudioVersion = 16.0.28803.452
MinimumVisualStudioVersion = 10.0.40219.1
Project("{9A19103F-16F7-4668-BE54-9A1E7A4F7556}") = "QuestionBVersionChecker", "QuestionBVersionChecker.csproj", "{64BFE8DF-D6CC-4ADC-85E7-4FE71D1285F8}"
EndProject
Global
	GlobalSection(SolutionConfigurationPlatforms) = preSolution
		Debug|Any CPU = Debug|Any CPU
		Release|Any CPU = Release|Any CPU
	EndGlobalSection
	GlobalSection(ProjectConfigurationPlatforms) = postSolution
		{64BFE8DF-D6CC-4ADC-85E7-4FE71D1285F8}.Debug|Any CPU.ActiveCfg = Debug|Any CPU
		{64BFE8DF-D6CC-4ADC-85E7-4FE71D1285F8}.Debug|Any CPU.Build.0 = Debug|Any CPU
		{64BFE8DF-D6CC-4ADC-85E7-4FE71D1285F8}.Release|Any CPU.ActiveCfg = Release|Any CPU
		{64BFE8DF-D6CC-4ADC-85E7-4FE71D1285F8}.Release|Any CPU.Build.0 = Release|Any CPU
	EndGlobalSection
	GlobalSection(SolutionProperties) = preSolution
		HideSolutionNode = FALSE
	EndGlobalSection
	GlobalSection(ExtensibilityGlobals) = postSolution
		SolutionGuid = {53769C2C-563E-421F-928C-BB5B4AACCF3F}
	EndGlobalSection
EndGlobal
